
Microsoft Visual Studio Solution File, Format Version 12.00
# Visual Studio Version 17
VisualStudioVersion = 17.13.35818.85 d17.13
MinimumVisualStudioVersion = 10.0.40219.1
Project("{FAE04EC0-301F-11D3-BF4B-00C04F79EFBC}") = "WindowsFormsApp1", "WindowsFormsApp1\WindowsFormsApp1.csproj", "{3AF78F20-9F78-4EB3-98DF-BBB10D9DCA6A}"
EndProject
Global
	GlobalSection(SolutionConfigurationPlatforms) = preSolution
		Debug|Any CPU = Debug|Any CPU
		Release|Any CPU = Release|Any CPU
	EndGlobalSection
	GlobalSection(ProjectConfigurationPlatforms) = postSolution
		{3AF78F20-9F78-4EB3-98DF-BBB10D9DCA6A}.Debug|Any CPU.ActiveCfg = Debug|Any CPU
		{3AF78F20-9F78-4EB3-98DF-BBB10D9DCA6A}.Debug|Any CPU.Build.0 = Debug|Any CPU
		{3AF78F20-9F78-4EB3-98DF-BBB10D9DCA6A}.Release|Any CPU.ActiveCfg = Release|Any CPU
		{3AF78F20-9F78-4EB3-98DF-BBB10D9DCA6A}.Release|Any CPU.Build.0 = Release|Any CPU
	EndGlobalSection
	GlobalSection(SolutionProperties) = preSolution
		HideSolutionNode = FALSE
	EndGlobalSection
	GlobalSection(ExtensibilityGlobals) = postSolution
		SolutionGuid = {B27D5D96-4852-420A-B081-57E203662FB3}
	EndGlobalSection
EndGlobal
